
Microsoft Visual Studio Solution File, Format Version 12.00
# Visual Studio 15
VisualStudioVersion = 15.0.27703.2042
MinimumVisualStudioVersion = 10.0.40219.1
Project("{FAE04EC0-301F-11D3-BF4B-00C04F79EFBC}") = "Sales.Item.Calculator", "Sales.Item.Calculator\Sales.Item.Calculator.csproj", "{1454B7AC-AA38-4A17-91A8-BF69350E9EF6}"
EndProject
Project("{FAE04EC0-301F-11D3-BF4B-00C04F79EFBC}") = "Sales.Item.Calculator.Services", "Sales.Item.Calculator.Services\Sales.Item.Calculator.Services.csproj", "{E0328D2C-2C32-4E0B-AAFA-FF7D8FB6FA60}"
EndProject
Project("{FAE04EC0-301F-11D3-BF4B-00C04F79EFBC}") = "Sales.Item.Calculator.Models", "Sales.Item.Calculator.Model\Sales.Item.Calculator.Models.csproj", "{0751DF46-A496-44D6-94B8-91CA3A74578E}"
EndProject
Project("{FAE04EC0-301F-11D3-BF4B-00C04F79EFBC}") = "Sales.Item.Calculator.Common", "Sales.Item.Calculator.Common\Sales.Item.Calculator.Common.csproj", "{B5FA5D58-AF30-4B13-8C0A-4F15CF0F2074}"
EndProject
Project("{FAE04EC0-301F-11D3-BF4B-00C04F79EFBC}") = "Sales.Item.Calculator.Services.Test", "Sales.Item.Calculator.Services.Test\Sales.Item.Calculator.Services.Test.csproj", "{20D760CE-6EA1-4D63-8E26-CF8FF99B1CA1}"
EndProject
Global
	GlobalSection(SolutionConfigurationPlatforms) = preSolution
		Debug|Any CPU = Debug|Any CPU
		Release|Any CPU = Release|Any CPU
	EndGlobalSection
	GlobalSection(ProjectConfigurationPlatforms) = postSolution
		{1454B7AC-AA38-4A17-91A8-BF69350E9EF6}.Debug|Any CPU.ActiveCfg = Debug|Any CPU
		{1454B7AC-AA38-4A17-91A8-BF69350E9EF6}.Debug|Any CPU.Build.0 = Debug|Any CPU
		{1454B7AC-AA38-4A17-91A8-BF69350E9EF6}.Release|Any CPU.ActiveCfg = Release|Any CPU
		{1454B7AC-AA38-4A17-91A8-BF69350E9EF6}.Release|Any CPU.Build.0 = Release|Any CPU
		{E0328D2C-2C32-4E0B-AAFA-FF7D8FB6FA60}.Debug|Any CPU.ActiveCfg = Debug|Any CPU
		{E0328D2C-2C32-4E0B-AAFA-FF7D8FB6FA60}.Debug|Any CPU.Build.0 = Debug|Any CPU
		{E0328D2C-2C32-4E0B-AAFA-FF7D8FB6FA60}.Release|Any CPU.ActiveCfg = Release|Any CPU
		{E0328D2C-2C32-4E0B-AAFA-FF7D8FB6FA60}.Release|Any CPU.Build.0 = Release|Any CPU
		{0751DF46-A496-44D6-94B8-91CA3A74578E}.Debug|Any CPU.ActiveCfg = Debug|Any CPU
		{0751DF46-A496-44D6-94B8-91CA3A74578E}.Debug|Any CPU.Build.0 = Debug|Any CPU
		{0751DF46-A496-44D6-94B8-91CA3A74578E}.Release|Any CPU.ActiveCfg = Release|Any CPU
		{0751DF46-A496-44D6-94B8-91CA3A74578E}.Release|Any CPU.Build.0 = Release|Any CPU
		{B5FA5D58-AF30-4B13-8C0A-4F15CF0F2074}.Debug|Any CPU.ActiveCfg = Debug|Any CPU
		{B5FA5D58-AF30-4B13-8C0A-4F15CF0F2074}.Debug|Any CPU.Build.0 = Debug|Any CPU
		{B5FA5D58-AF30-4B13-8C0A-4F15CF0F2074}.Release|Any CPU.ActiveCfg = Release|Any CPU
		{B5FA5D58-AF30-4B13-8C0A-4F15CF0F2074}.Release|Any CPU.Build.0 = Release|Any CPU
		{20D760CE-6EA1-4D63-8E26-CF8FF99B1CA1}.Debug|Any CPU.ActiveCfg = Debug|Any CPU
		{20D760CE-6EA1-4D63-8E26-CF8FF99B1CA1}.Debug|Any CPU.Build.0 = Debug|Any CPU
		{20D760CE-6EA1-4D63-8E26-CF8FF99B1CA1}.Release|Any CPU.ActiveCfg = Release|Any CPU
		{20D760CE-6EA1-4D63-8E26-CF8FF99B1CA1}.Release|Any CPU.Build.0 = Release|Any CPU
	EndGlobalSection
	GlobalSection(SolutionProperties) = preSolution
		HideSolutionNode = FALSE
	EndGlobalSection
	GlobalSection(ExtensibilityGlobals) = postSolution
		SolutionGuid = {2E949FE4-D4EB-42B0-9AF8-D3CF1C127F18}
	EndGlobalSection
EndGlobal
